
Microsoft Visual Studio Solution File, Format Version 12.00
# Visual Studio Version 16
VisualStudioVersion = 16.0.29215.179
MinimumVisualStudioVersion = 10.0.40219.1
Project("{FAE04EC0-301F-11D3-BF4B-00C04F79EFBC}") = "12", "12.csproj", "{83D66C42-6CF3-41DF-899F-39669FB253E7}"
EndProject
Global
	GlobalSection(SolutionConfigurationPlatforms) = preSolution
		Debug|Any CPU = Debug|Any CPU
		Release|Any CPU = Release|Any CPU
	EndGlobalSection
	GlobalSection(ProjectConfigurationPlatforms) = postSolution
		{83D66C42-6CF3-41DF-899F-39669FB253E7}.Debug|Any CPU.ActiveCfg = Debug|Any CPU
		{83D66C42-6CF3-41DF-899F-39669FB253E7}.Debug|Any CPU.Build.0 = Debug|Any CPU
		{83D66C42-6CF3-41DF-899F-39669FB253E7}.Release|Any CPU.ActiveCfg = Release|Any CPU
		{83D66C42-6CF3-41DF-899F-39669FB253E7}.Release|Any CPU.Build.0 = Release|Any CPU
	EndGlobalSection
	GlobalSection(SolutionProperties) = preSolution
		HideSolutionNode = FALSE
	EndGlobalSection
	GlobalSection(ExtensibilityGlobals) = postSolution
		SolutionGuid = {18EE6B5F-7797-46BA-81F1-6925847BD423}
	EndGlobalSection
EndGlobal
